
Microsoft Visual Studio Solution File, Format Version 12.00
# Visual Studio Version 16
VisualStudioVersion = 16.0.29411.108
MinimumVisualStudioVersion = 10.0.40219.1
Project("{FAE04EC0-301F-11D3-BF4B-00C04F79EFBC}") = "QuarterbackRating", "QuarterbackRating\QuarterbackRating.csproj", "{D5722F87-B4AC-4818-B9ED-86FFEB2C4B84}"
EndProject
Project("{FAE04EC0-301F-11D3-BF4B-00C04F79EFBC}") = "CalculationTests", "CalculationTests\CalculationTests.csproj", "{CA691AF3-890B-4870-9D3A-471A10FE9C5B}"
EndProject
Global
	GlobalSection(SolutionConfigurationPlatforms) = preSolution
		Debug|Any CPU = Debug|Any CPU
		Release|Any CPU = Release|Any CPU
	EndGlobalSection
	GlobalSection(ProjectConfigurationPlatforms) = postSolution
		{D5722F87-B4AC-4818-B9ED-86FFEB2C4B84}.Debug|Any CPU.ActiveCfg = Debug|Any CPU
		{D5722F87-B4AC-4818-B9ED-86FFEB2C4B84}.Debug|Any CPU.Build.0 = Debug|Any CPU
		{D5722F87-B4AC-4818-B9ED-86FFEB2C4B84}.Release|Any CPU.ActiveCfg = Release|Any CPU
		{D5722F87-B4AC-4818-B9ED-86FFEB2C4B84}.Release|Any CPU.Build.0 = Release|Any CPU
		{CA691AF3-890B-4870-9D3A-471A10FE9C5B}.Debug|Any CPU.ActiveCfg = Debug|Any CPU
		{CA691AF3-890B-4870-9D3A-471A10FE9C5B}.Debug|Any CPU.Build.0 = Debug|Any CPU
		{CA691AF3-890B-4870-9D3A-471A10FE9C5B}.Release|Any CPU.ActiveCfg = Release|Any CPU
		{CA691AF3-890B-4870-9D3A-471A10FE9C5B}.Release|Any CPU.Build.0 = Release|Any CPU
	EndGlobalSection
	GlobalSection(SolutionProperties) = preSolution
		HideSolutionNode = FALSE
	EndGlobalSection
	GlobalSection(ExtensibilityGlobals) = postSolution
		SolutionGuid = {308DE262-96CD-4CC6-8D69-53F2FACA6383}
	EndGlobalSection
EndGlobal
